
Microsoft Visual Studio Solution File, Format Version 12.00
# Visual Studio 15
VisualStudioVersion = 15.0.28010.2003
MinimumVisualStudioVersion = 10.0.40219.1
Project("{8BC9CEB8-8B4A-11D0-8D11-00A0C91BC942}") = "Test", "Test\Test.vcxproj", "{8BC3F596-EE87-44DC-9904-BBEED742E86D}"
	ProjectSection(ProjectDependencies) = postProject
		{61EA4E59-553E-40AF-A294-D4A84B959DD8} = {61EA4E59-553E-40AF-A294-D4A84B959DD8}
		{972C829A-FE33-48D8-A1E1-CC7457FED993} = {972C829A-FE33-48D8-A1E1-CC7457FED993}
	EndProjectSection
EndProject
Project("{8BC9CEB8-8B4A-11D0-8D11-00A0C91BC942}") = "Aurora", "Aurora\Aurora.vcxproj", "{972C829A-FE33-48D8-A1E1-CC7457FED993}"
EndProject
Project("{8BC9CEB8-8B4A-11D0-8D11-00A0C91BC942}") = "glew", "Libs\glew\glew.vcxproj", "{B3077269-6C95-3456-A3E7-BB246FAD0156}"
EndProject
Project("{2150E333-8FDC-42A3-9474-1A3956D46DE8}") = "Modules", "Modules", "{DF677D2B-7265-4E7E-9AC2-9032610E1417}"
EndProject
Project("{2150E333-8FDC-42A3-9474-1A3956D46DE8}") = "Graphics", "Graphics", "{EA856754-55F0-4805-B6E8-394F662030AF}"
EndProject
Project("{2150E333-8FDC-42A3-9474-1A3956D46DE8}") = "Libs", "Libs", "{639657D9-51A6-41AD-8283-FB2E605A25F4}"
EndProject
Project("{8BC9CEB8-8B4A-11D0-8D11-00A0C91BC942}") = "WinGlew", "Modules\Graphics\WinGlew\WinGlew.vcxproj", "{A65BE382-CCAE-473B-94D8-9F224C5AF736}"
EndProject
Project("{2150E333-8FDC-42A3-9474-1A3956D46DE8}") = "Inputs", "Inputs", "{9B85826D-FEC4-4244-848F-7B8CCFF88A63}"
EndProject
Project("{8BC9CEB8-8B4A-11D0-8D11-00A0C91BC942}") = "WinDirectInput", "Modules\Inputs\WinDirectInput\WinDirectInput.vcxproj", "{61EA4E59-553E-40AF-A294-D4A84B959DD8}"
EndProject
Project("{8BC9CEB8-8B4A-11D0-8D11-00A0C91BC942}") = "WinD3D11", "Modules\Graphics\WinD3D11\WinD3D11.vcxproj", "{A3D58001-9A8B-4F70-A59B-8A4C0D4B0E10}"
EndProject
Project("{8BC9CEB8-8B4A-11D0-8D11-00A0C91BC942}") = "ProgramSourceTranslator", "Modules\Graphics\ProgramSourceTranslator\ProgramSourceTranslator.vcxproj", "{9848492C-031A-4924-A610-88139F2CA4CE}"
EndProject
Project("{2150E333-8FDC-42A3-9474-1A3956D46DE8}") = "Extensions", "Extensions", "{81A031B5-5667-436C-822B-8D8695989CAE}"
EndProject
Project("{2150E333-8FDC-42A3-9474-1A3956D46DE8}") = "Files", "Files", "{5BAD05BB-A316-4EE5-86A7-595FD2D3B808}"
EndProject
Project("{2150E333-8FDC-42A3-9474-1A3956D46DE8}") = "Images", "Images", "{753EAD00-F4A7-40F7-A801-C146F4A06831}"
EndProject
Project("{8BC9CEB8-8B4A-11D0-8D11-00A0C91BC942}") = "zlib", "Libs\zlib\zlib.vcxproj", "{3637FBA3-C6B2-44A5-B10A-F9BB239974E9}"
EndProject
Project("{8BC9CEB8-8B4A-11D0-8D11-00A0C91BC942}") = "libpng", "Libs\libpng\libpng.vcxproj", "{202FE3A7-7731-478C-BBE5-035559B58A9B}"
EndProject
Project("{8BC9CEB8-8B4A-11D0-8D11-00A0C91BC942}") = "PNGConverter", "Extensions\Files\Images\PNGConverter\PNGConverter.vcxproj", "{25B69416-9B43-439E-B8DA-8D99D7F8AFF6}"
EndProject
Global
	GlobalSection(SolutionConfigurationPlatforms) = preSolution
		Debug|x64 = Debug|x64
		Debug|x86 = Debug|x86
		Release|x64 = Release|x64
		Release|x86 = Release|x86
	EndGlobalSection
	GlobalSection(ProjectConfigurationPlatforms) = postSolution
		{8BC3F596-EE87-44DC-9904-BBEED742E86D}.Debug|x64.ActiveCfg = Debug|x64
		{8BC3F596-EE87-44DC-9904-BBEED742E86D}.Debug|x64.Build.0 = Debug|x64
		{8BC3F596-EE87-44DC-9904-BBEED742E86D}.Debug|x86.ActiveCfg = Debug|Win32
		{8BC3F596-EE87-44DC-9904-BBEED742E86D}.Debug|x86.Build.0 = Debug|Win32
		{8BC3F596-EE87-44DC-9904-BBEED742E86D}.Release|x64.ActiveCfg = Release|x64
		{8BC3F596-EE87-44DC-9904-BBEED742E86D}.Release|x64.Build.0 = Release|x64
		{8BC3F596-EE87-44DC-9904-BBEED742E86D}.Release|x86.ActiveCfg = Release|Win32
		{8BC3F596-EE87-44DC-9904-BBEED742E86D}.Release|x86.Build.0 = Release|Win32
		{972C829A-FE33-48D8-A1E1-CC7457FED993}.Debug|x64.ActiveCfg = Debug|x64
		{972C829A-FE33-48D8-A1E1-CC7457FED993}.Debug|x64.Build.0 = Debug|x64
		{972C829A-FE33-48D8-A1E1-CC7457FED993}.Debug|x86.ActiveCfg = Debug|Win32
		{972C829A-FE33-48D8-A1E1-CC7457FED993}.Debug|x86.Build.0 = Debug|Win32
		{972C829A-FE33-48D8-A1E1-CC7457FED993}.Release|x64.ActiveCfg = Release|x64
		{972C829A-FE33-48D8-A1E1-CC7457FED993}.Release|x64.Build.0 = Release|x64
		{972C829A-FE33-48D8-A1E1-CC7457FED993}.Release|x86.ActiveCfg = Release|Win32
		{972C829A-FE33-48D8-A1E1-CC7457FED993}.Release|x86.Build.0 = Release|Win32
		{B3077269-6C95-3456-A3E7-BB246FAD0156}.Debug|x64.ActiveCfg = Debug|x64
		{B3077269-6C95-3456-A3E7-BB246FAD0156}.Debug|x64.Build.0 = Debug|x64
		{B3077269-6C95-3456-A3E7-BB246FAD0156}.Debug|x86.ActiveCfg = Debug|Win32
		{B3077269-6C95-3456-A3E7-BB246FAD0156}.Debug|x86.Build.0 = Debug|Win32
		{B3077269-6C95-3456-A3E7-BB246FAD0156}.Release|x64.ActiveCfg = Release|x64
		{B3077269-6C95-3456-A3E7-BB246FAD0156}.Release|x64.Build.0 = Release|x64
		{B3077269-6C95-3456-A3E7-BB246FAD0156}.Release|x86.ActiveCfg = Release|Win32
		{B3077269-6C95-3456-A3E7-BB246FAD0156}.Release|x86.Build.0 = Release|Win32
		{A65BE382-CCAE-473B-94D8-9F224C5AF736}.Debug|x64.ActiveCfg = Debug|x64
		{A65BE382-CCAE-473B-94D8-9F224C5AF736}.Debug|x64.Build.0 = Debug|x64
		{A65BE382-CCAE-473B-94D8-9F224C5AF736}.Debug|x86.ActiveCfg = Debug|Win32
		{A65BE382-CCAE-473B-94D8-9F224C5AF736}.Debug|x86.Build.0 = Debug|Win32
		{A65BE382-CCAE-473B-94D8-9F224C5AF736}.Release|x64.ActiveCfg = Release|x64
		{A65BE382-CCAE-473B-94D8-9F224C5AF736}.Release|x64.Build.0 = Release|x64
		{A65BE382-CCAE-473B-94D8-9F224C5AF736}.Release|x86.ActiveCfg = Release|Win32
		{A65BE382-CCAE-473B-94D8-9F224C5AF736}.Release|x86.Build.0 = Release|Win32
		{61EA4E59-553E-40AF-A294-D4A84B959DD8}.Debug|x64.ActiveCfg = Debug|x64
		{61EA4E59-553E-40AF-A294-D4A84B959DD8}.Debug|x64.Build.0 = Debug|x64
		{61EA4E59-553E-40AF-A294-D4A84B959DD8}.Debug|x86.ActiveCfg = Debug|Win32
		{61EA4E59-553E-40AF-A294-D4A84B959DD8}.Debug|x86.Build.0 = Debug|Win32
		{61EA4E59-553E-40AF-A294-D4A84B959DD8}.Release|x64.ActiveCfg = Release|x64
		{61EA4E59-553E-40AF-A294-D4A84B959DD8}.Release|x64.Build.0 = Release|x64
		{61EA4E59-553E-40AF-A294-D4A84B959DD8}.Release|x86.ActiveCfg = Release|Win32
		{61EA4E59-553E-40AF-A294-D4A84B959DD8}.Release|x86.Build.0 = Release|Win32
		{A3D58001-9A8B-4F70-A59B-8A4C0D4B0E10}.Debug|x64.ActiveCfg = Debug|x64
		{A3D58001-9A8B-4F70-A59B-8A4C0D4B0E10}.Debug|x64.Build.0 = Debug|x64
		{A3D58001-9A8B-4F70-A59B-8A4C0D4B0E10}.Debug|x86.ActiveCfg = Debug|Win32
		{A3D58001-9A8B-4F70-A59B-8A4C0D4B0E10}.Debug|x86.Build.0 = Debug|Win32
		{A3D58001-9A8B-4F70-A59B-8A4C0D4B0E10}.Release|x64.ActiveCfg = Release|x64
		{A3D58001-9A8B-4F70-A59B-8A4C0D4B0E10}.Release|x64.Build.0 = Release|x64
		{A3D58001-9A8B-4F70-A59B-8A4C0D4B0E10}.Release|x86.ActiveCfg = Release|Win32
		{A3D58001-9A8B-4F70-A59B-8A4C0D4B0E10}.Release|x86.Build.0 = Release|Win32
		{9848492C-031A-4924-A610-88139F2CA4CE}.Debug|x64.ActiveCfg = Debug|x64
		{9848492C-031A-4924-A610-88139F2CA4CE}.Debug|x64.Build.0 = Debug|x64
		{9848492C-031A-4924-A610-88139F2CA4CE}.Debug|x86.ActiveCfg = Debug|Win32
		{9848492C-031A-4924-A610-88139F2CA4CE}.Debug|x86.Build.0 = Debug|Win32
		{9848492C-031A-4924-A610-88139F2CA4CE}.Release|x64.ActiveCfg = Release|x64
		{9848492C-031A-4924-A610-88139F2CA4CE}.Release|x64.Build.0 = Release|x64
		{9848492C-031A-4924-A610-88139F2CA4CE}.Release|x86.ActiveCfg = Release|Win32
		{9848492C-031A-4924-A610-88139F2CA4CE}.Release|x86.Build.0 = Release|Win32
		{3637FBA3-C6B2-44A5-B10A-F9BB239974E9}.Debug|x64.ActiveCfg = Debug|x64
		{3637FBA3-C6B2-44A5-B10A-F9BB239974E9}.Debug|x64.Build.0 = Debug|x64
		{3637FBA3-C6B2-44A5-B10A-F9BB239974E9}.Debug|x86.ActiveCfg = Debug|Win32
		{3637FBA3-C6B2-44A5-B10A-F9BB239974E9}.Debug|x86.Build.0 = Debug|Win32
		{3637FBA3-C6B2-44A5-B10A-F9BB239974E9}.Release|x64.ActiveCfg = Release|x64
		{3637FBA3-C6B2-44A5-B10A-F9BB239974E9}.Release|x64.Build.0 = Release|x64
		{3637FBA3-C6B2-44A5-B10A-F9BB239974E9}.Release|x86.ActiveCfg = Release|Win32
		{3637FBA3-C6B2-44A5-B10A-F9BB239974E9}.Release|x86.Build.0 = Release|Win32
		{202FE3A7-7731-478C-BBE5-035559B58A9B}.Debug|x64.ActiveCfg = Debug|x64
		{202FE3A7-7731-478C-BBE5-035559B58A9B}.Debug|x64.Build.0 = Debug|x64
		{202FE3A7-7731-478C-BBE5-035559B58A9B}.Debug|x86.ActiveCfg = Debug|Win32
		{202FE3A7-7731-478C-BBE5-035559B58A9B}.Debug|x86.Build.0 = Debug|Win32
		{202FE3A7-7731-478C-BBE5-035559B58A9B}.Release|x64.ActiveCfg = Release|x64
		{202FE3A7-7731-478C-BBE5-035559B58A9B}.Release|x64.Build.0 = Release|x64
		{202FE3A7-7731-478C-BBE5-035559B58A9B}.Release|x86.ActiveCfg = Release|Win32
		{202FE3A7-7731-478C-BBE5-035559B58A9B}.Release|x86.Build.0 = Release|Win32
		{25B69416-9B43-439E-B8DA-8D99D7F8AFF6}.Debug|x64.ActiveCfg = Debug|x64
		{25B69416-9B43-439E-B8DA-8D99D7F8AFF6}.Debug|x64.Build.0 = Debug|x64
		{25B69416-9B43-439E-B8DA-8D99D7F8AFF6}.Debug|x86.ActiveCfg = Debug|Win32
		{25B69416-9B43-439E-B8DA-8D99D7F8AFF6}.Debug|x86.Build.0 = Debug|Win32
		{25B69416-9B43-439E-B8DA-8D99D7F8AFF6}.Release|x64.ActiveCfg = Release|x64
		{25B69416-9B43-439E-B8DA-8D99D7F8AFF6}.Release|x64.Build.0 = Release|x64
		{25B69416-9B43-439E-B8DA-8D99D7F8AFF6}.Release|x86.ActiveCfg = Release|Win32
		{25B69416-9B43-439E-B8DA-8D99D7F8AFF6}.Release|x86.Build.0 = Release|Win32
	EndGlobalSection
	GlobalSection(SolutionProperties) = preSolution
		HideSolutionNode = FALSE
	EndGlobalSection
	GlobalSection(NestedProjects) = preSolution
		{B3077269-6C95-3456-A3E7-BB246FAD0156} = {639657D9-51A6-41AD-8283-FB2E605A25F4}
		{EA856754-55F0-4805-B6E8-394F662030AF} = {DF677D2B-7265-4E7E-9AC2-9032610E1417}
		{A65BE382-CCAE-473B-94D8-9F224C5AF736} = {EA856754-55F0-4805-B6E8-394F662030AF}
		{9B85826D-FEC4-4244-848F-7B8CCFF88A63} = {DF677D2B-7265-4E7E-9AC2-9032610E1417}
		{61EA4E59-553E-40AF-A294-D4A84B959DD8} = {9B85826D-FEC4-4244-848F-7B8CCFF88A63}
		{A3D58001-9A8B-4F70-A59B-8A4C0D4B0E10} = {EA856754-55F0-4805-B6E8-394F662030AF}
		{9848492C-031A-4924-A610-88139F2CA4CE} = {EA856754-55F0-4805-B6E8-394F662030AF}
		{5BAD05BB-A316-4EE5-86A7-595FD2D3B808} = {81A031B5-5667-436C-822B-8D8695989CAE}
		{753EAD00-F4A7-40F7-A801-C146F4A06831} = {5BAD05BB-A316-4EE5-86A7-595FD2D3B808}
		{3637FBA3-C6B2-44A5-B10A-F9BB239974E9} = {639657D9-51A6-41AD-8283-FB2E605A25F4}
		{202FE3A7-7731-478C-BBE5-035559B58A9B} = {639657D9-51A6-41AD-8283-FB2E605A25F4}
		{25B69416-9B43-439E-B8DA-8D99D7F8AFF6} = {753EAD00-F4A7-40F7-A801-C146F4A06831}
	EndGlobalSection
	GlobalSection(ExtensibilityGlobals) = postSolution
		SolutionGuid = {6CA35036-115A-44B1-A1F8-0B7B422DF115}
	EndGlobalSection
EndGlobal
