
Microsoft Visual Studio Solution File, Format Version 12.00
# Visual Studio 15
VisualStudioVersion = 15.0.28010.2003
MinimumVisualStudioVersion = 10.0.40219.1
Project("{8BC9CEB8-8B4A-11D0-8D11-00A0C91BC942}") = "Test", "Test\Test.vcxproj", "{8BC3F596-EE87-44DC-9904-BBEED742E86D}"
	ProjectSection(ProjectDependencies) = postProject
		{82F31C71-0691-45BC-BA30-BEC19197C88C} = {82F31C71-0691-45BC-BA30-BEC19197C88C}
		{972C829A-FE33-48D8-A1E1-CC7457FED993} = {972C829A-FE33-48D8-A1E1-CC7457FED993}
	EndProjectSection
EndProject
Project("{8BC9CEB8-8B4A-11D0-8D11-00A0C91BC942}") = "Aurora", "Aurora\Aurora.vcxproj", "{972C829A-FE33-48D8-A1E1-CC7457FED993}"
EndProject
Project("{8BC9CEB8-8B4A-11D0-8D11-00A0C91BC942}") = "GraphicsWinD3D9", "Modules\Graphics\GraphicsWinD3D9\GraphicsWinD3D9.vcxproj", "{82F31C71-0691-45BC-BA30-BEC19197C88C}"
	ProjectSection(ProjectDependencies) = postProject
		{972C829A-FE33-48D8-A1E1-CC7457FED993} = {972C829A-FE33-48D8-A1E1-CC7457FED993}
	EndProjectSection
EndProject
Project("{8BC9CEB8-8B4A-11D0-8D11-00A0C91BC942}") = "GraphicsWinGL", "Modules\Graphics\GraphicsWinGL\GraphicsWinGL.vcxproj", "{A65BE382-CCAE-473B-94D8-9F224C5AF736}"
	ProjectSection(ProjectDependencies) = postProject
		{972C829A-FE33-48D8-A1E1-CC7457FED993} = {972C829A-FE33-48D8-A1E1-CC7457FED993}
	EndProjectSection
EndProject
Global
	GlobalSection(SolutionConfigurationPlatforms) = preSolution
		Debug|x64 = Debug|x64
		Debug|x86 = Debug|x86
		Release|x64 = Release|x64
		Release|x86 = Release|x86
	EndGlobalSection
	GlobalSection(ProjectConfigurationPlatforms) = postSolution
		{8BC3F596-EE87-44DC-9904-BBEED742E86D}.Debug|x64.ActiveCfg = Debug|x64
		{8BC3F596-EE87-44DC-9904-BBEED742E86D}.Debug|x64.Build.0 = Debug|x64
		{8BC3F596-EE87-44DC-9904-BBEED742E86D}.Debug|x86.ActiveCfg = Debug|Win32
		{8BC3F596-EE87-44DC-9904-BBEED742E86D}.Debug|x86.Build.0 = Debug|Win32
		{8BC3F596-EE87-44DC-9904-BBEED742E86D}.Release|x64.ActiveCfg = Release|x64
		{8BC3F596-EE87-44DC-9904-BBEED742E86D}.Release|x64.Build.0 = Release|x64
		{8BC3F596-EE87-44DC-9904-BBEED742E86D}.Release|x86.ActiveCfg = Release|Win32
		{8BC3F596-EE87-44DC-9904-BBEED742E86D}.Release|x86.Build.0 = Release|Win32
		{972C829A-FE33-48D8-A1E1-CC7457FED993}.Debug|x64.ActiveCfg = Debug|x64
		{972C829A-FE33-48D8-A1E1-CC7457FED993}.Debug|x64.Build.0 = Debug|x64
		{972C829A-FE33-48D8-A1E1-CC7457FED993}.Debug|x86.ActiveCfg = Debug|Win32
		{972C829A-FE33-48D8-A1E1-CC7457FED993}.Debug|x86.Build.0 = Debug|Win32
		{972C829A-FE33-48D8-A1E1-CC7457FED993}.Release|x64.ActiveCfg = Release|x64
		{972C829A-FE33-48D8-A1E1-CC7457FED993}.Release|x64.Build.0 = Release|x64
		{972C829A-FE33-48D8-A1E1-CC7457FED993}.Release|x86.ActiveCfg = Release|Win32
		{972C829A-FE33-48D8-A1E1-CC7457FED993}.Release|x86.Build.0 = Release|Win32
		{82F31C71-0691-45BC-BA30-BEC19197C88C}.Debug|x64.ActiveCfg = Debug|x64
		{82F31C71-0691-45BC-BA30-BEC19197C88C}.Debug|x64.Build.0 = Debug|x64
		{82F31C71-0691-45BC-BA30-BEC19197C88C}.Debug|x86.ActiveCfg = Debug|Win32
		{82F31C71-0691-45BC-BA30-BEC19197C88C}.Debug|x86.Build.0 = Debug|Win32
		{82F31C71-0691-45BC-BA30-BEC19197C88C}.Release|x64.ActiveCfg = Release|x64
		{82F31C71-0691-45BC-BA30-BEC19197C88C}.Release|x64.Build.0 = Release|x64
		{82F31C71-0691-45BC-BA30-BEC19197C88C}.Release|x86.ActiveCfg = Release|Win32
		{82F31C71-0691-45BC-BA30-BEC19197C88C}.Release|x86.Build.0 = Release|Win32
		{A65BE382-CCAE-473B-94D8-9F224C5AF736}.Debug|x64.ActiveCfg = Debug|x64
		{A65BE382-CCAE-473B-94D8-9F224C5AF736}.Debug|x64.Build.0 = Debug|x64
		{A65BE382-CCAE-473B-94D8-9F224C5AF736}.Debug|x86.ActiveCfg = Debug|Win32
		{A65BE382-CCAE-473B-94D8-9F224C5AF736}.Debug|x86.Build.0 = Debug|Win32
		{A65BE382-CCAE-473B-94D8-9F224C5AF736}.Release|x64.ActiveCfg = Release|x64
		{A65BE382-CCAE-473B-94D8-9F224C5AF736}.Release|x64.Build.0 = Release|x64
		{A65BE382-CCAE-473B-94D8-9F224C5AF736}.Release|x86.ActiveCfg = Release|Win32
		{A65BE382-CCAE-473B-94D8-9F224C5AF736}.Release|x86.Build.0 = Release|Win32
	EndGlobalSection
	GlobalSection(SolutionProperties) = preSolution
		HideSolutionNode = FALSE
	EndGlobalSection
	GlobalSection(ExtensibilityGlobals) = postSolution
		SolutionGuid = {6CA35036-115A-44B1-A1F8-0B7B422DF115}
	EndGlobalSection
EndGlobal
