<?xml version="1.0" encoding="utf-8"?>
<Project ToolsVersion="4.0" xmlns="http://schemas.microsoft.com/developer/msbuild/2003">
  <ItemGroup>
    <Filter Include="src">
      <UniqueIdentifier>{7b20a8b2-2a9f-4f4c-a078-edd2f17e2c0f}</UniqueIdentifier>
    </Filter>
  </ItemGroup>
  <ItemGroup>
    <ClInclude Include="src\Base.h">
      <Filter>src</Filter>
    </ClInclude>
    <ClInclude Include="src\Graphics.h">
      <Filter>src</Filter>
    </ClInclude>
    <ClInclude Include="src\Program.h">
      <Filter>src</Filter>
    </ClInclude>
    <ClInclude Include="src\VertexBuffer.h">
      <Filter>src</Filter>
    </ClInclude>
    <ClInclude Include="src\CreateModule.h">
      <Filter>src</Filter>
    </ClInclude>
    <ClInclude Include="src\IndexBuffer.h">
      <Filter>src</Filter>
    </ClInclude>
    <ClInclude Include="src\BaseBuffer.h">
      <Filter>src</Filter>
    </ClInclude>
    <ClInclude Include="src\BaseTexture.h">
      <Filter>src</Filter>
    </ClInclude>
    <ClInclude Include="src\Texture2DResource.h">
      <Filter>src</Filter>
    </ClInclude>
    <ClInclude Include="src\ConstantBuffer.h">
      <Filter>src</Filter>
    </ClInclude>
    <ClInclude Include="src\Sampler.h">
      <Filter>src</Filter>
    </ClInclude>
    <ClInclude Include="src\PixelBuffer.h">
      <Filter>src</Filter>
    </ClInclude>
    <ClInclude Include="src\TextureView.h">
      <Filter>src</Filter>
    </ClInclude>
    <ClInclude Include="src\BlendState.h">
      <Filter>src</Filter>
    </ClInclude>
    <ClInclude Include="src\RasterizerState.h">
      <Filter>src</Filter>
    </ClInclude>
  </ItemGroup>
  <ItemGroup>
    <ClCompile Include="src\Graphics.cpp">
      <Filter>src</Filter>
    </ClCompile>
    <ClCompile Include="src\Program.cpp">
      <Filter>src</Filter>
    </ClCompile>
    <ClCompile Include="src\VertexBuffer.cpp">
      <Filter>src</Filter>
    </ClCompile>
    <ClCompile Include="src\IndexBuffer.cpp">
      <Filter>src</Filter>
    </ClCompile>
    <ClCompile Include="src\BaseBuffer.cpp">
      <Filter>src</Filter>
    </ClCompile>
    <ClCompile Include="src\BaseTexture.cpp">
      <Filter>src</Filter>
    </ClCompile>
    <ClCompile Include="src\Texture2DResource.cpp">
      <Filter>src</Filter>
    </ClCompile>
    <ClCompile Include="src\ConstantBuffer.cpp">
      <Filter>src</Filter>
    </ClCompile>
    <ClCompile Include="src\Sampler.cpp">
      <Filter>src</Filter>
    </ClCompile>
    <ClCompile Include="src\PixelBuffer.cpp">
      <Filter>src</Filter>
    </ClCompile>
    <ClCompile Include="src\TextureView.cpp">
      <Filter>src</Filter>
    </ClCompile>
    <ClCompile Include="src\BlendState.cpp">
      <Filter>src</Filter>
    </ClCompile>
    <ClCompile Include="src\RasterizerState.cpp">
      <Filter>src</Filter>
    </ClCompile>
  </ItemGroup>
</Project>