<?xml version="1.0" encoding="utf-8"?>
<Project ToolsVersion="4.0" xmlns="http://schemas.microsoft.com/developer/msbuild/2003">
  <ItemGroup>
    <Filter Include="src">
      <UniqueIdentifier>{e9f2b3dd-679e-4d29-8ec6-b36b2b5548db}</UniqueIdentifier>
    </Filter>
    <Filter Include="src\math">
      <UniqueIdentifier>{19950809-ef33-4d9d-a663-6288de09571b}</UniqueIdentifier>
    </Filter>
    <Filter Include="src\nodes">
      <UniqueIdentifier>{b01f5786-b72d-43c7-b8a7-bccbdc39e59b}</UniqueIdentifier>
    </Filter>
    <Filter Include="src\base">
      <UniqueIdentifier>{323507d3-64e3-4b6c-907d-a1802741e8eb}</UniqueIdentifier>
    </Filter>
    <Filter Include="src\modules">
      <UniqueIdentifier>{7efda912-a70b-4482-bbd5-a20e2ec2a334}</UniqueIdentifier>
    </Filter>
    <Filter Include="src\renderers">
      <UniqueIdentifier>{37dbff01-797a-457f-9b12-ae695c3f6546}</UniqueIdentifier>
    </Filter>
    <Filter Include="src\nodes\components">
      <UniqueIdentifier>{9b970749-de96-40a2-a7c6-aa20a29e8718}</UniqueIdentifier>
    </Filter>
    <Filter Include="src\events">
      <UniqueIdentifier>{6f758046-e6fd-4567-8012-e5ab6ef0d8eb}</UniqueIdentifier>
    </Filter>
    <Filter Include="src\renderers\commands">
      <UniqueIdentifier>{6e2ba37f-6a4f-4e90-aee3-b3d7e2d21b2d}</UniqueIdentifier>
    </Filter>
    <Filter Include="src\utils">
      <UniqueIdentifier>{ae82d87e-d35d-4023-8108-c001a2b13ac4}</UniqueIdentifier>
    </Filter>
    <Filter Include="src\utils\hash">
      <UniqueIdentifier>{bd1a3dcd-1c7f-4aa0-afd9-52bb9b056fdc}</UniqueIdentifier>
    </Filter>
  </ItemGroup>
  <ItemGroup>
    <ClInclude Include="src\math\Matrix44.h">
      <Filter>src\math</Filter>
    </ClInclude>
    <ClInclude Include="src\nodes\Node.h">
      <Filter>src\nodes</Filter>
    </ClInclude>
    <ClInclude Include="src\math\Quaternion.h">
      <Filter>src\math</Filter>
    </ClInclude>
    <ClInclude Include="src\math\Math.h">
      <Filter>src\math</Filter>
    </ClInclude>
    <ClInclude Include="src\math\Matrix34.h">
      <Filter>src\math</Filter>
    </ClInclude>
    <ClInclude Include="src\base\Ref.h">
      <Filter>src\base</Filter>
    </ClInclude>
    <ClInclude Include="src\base\DynamicLib.h">
      <Filter>src\base</Filter>
    </ClInclude>
    <ClInclude Include="src\nodes\components\AbstractComponent.h">
      <Filter>src\nodes\components</Filter>
    </ClInclude>
    <ClInclude Include="src\nodes\components\Camera.h">
      <Filter>src\nodes\components</Filter>
    </ClInclude>
    <ClInclude Include="src\events\EventDispatcher.h">
      <Filter>src\events</Filter>
    </ClInclude>
    <ClInclude Include="src\base\Application.h">
      <Filter>src\base</Filter>
    </ClInclude>
    <ClInclude Include="src\events\IEventDispatcher.h">
      <Filter>src\events</Filter>
    </ClInclude>
    <ClInclude Include="src\base\Time.h">
      <Filter>src\base</Filter>
    </ClInclude>
    <ClInclude Include="src\base\Lock.h">
      <Filter>src\base</Filter>
    </ClInclude>
    <ClInclude Include="src\renderers\commands\IRenderCommand.h">
      <Filter>src\renderers\commands</Filter>
    </ClInclude>
    <ClInclude Include="src\renderers\commands\BaseRenderCommand.h">
      <Filter>src\renderers\commands</Filter>
    </ClInclude>
    <ClInclude Include="src\modules\ModuleLoader.h">
      <Filter>src\modules</Filter>
    </ClInclude>
    <ClInclude Include="src\base\LowLevel.h">
      <Filter>src\base</Filter>
    </ClInclude>
    <ClInclude Include="src\Aurora.h">
      <Filter>src</Filter>
    </ClInclude>
    <ClInclude Include="src\base\Monitor.h">
      <Filter>src\base</Filter>
    </ClInclude>
    <ClInclude Include="src\modules\IModule.h">
      <Filter>src\modules</Filter>
    </ClInclude>
    <ClInclude Include="src\modules\IInputModule.h">
      <Filter>src\modules</Filter>
    </ClInclude>
    <ClInclude Include="src\modules\IGraphicsModule.h">
      <Filter>src\modules</Filter>
    </ClInclude>
    <ClInclude Include="src\base\String.h">
      <Filter>src\base</Filter>
    </ClInclude>
    <ClInclude Include="src\base\ByteArray.h">
      <Filter>src\base</Filter>
    </ClInclude>
    <ClInclude Include="src\base\STList.h">
      <Filter>src\base</Filter>
    </ClInclude>
    <ClInclude Include="src\utils\hash\CRC.h">
      <Filter>src\utils\hash</Filter>
    </ClInclude>
    <ClInclude Include="src\base\Image.h">
      <Filter>src\base</Filter>
    </ClInclude>
    <ClInclude Include="src\base\Args.h">
      <Filter>src\base</Filter>
    </ClInclude>
    <ClInclude Include="src\math\Box.h">
      <Filter>src\math</Filter>
    </ClInclude>
    <ClInclude Include="src\utils\hash\MD5.h">
      <Filter>src\utils\hash</Filter>
    </ClInclude>
    <ClInclude Include="src\math\Vector.h">
      <Filter>src\math</Filter>
    </ClInclude>
  </ItemGroup>
  <ItemGroup>
    <ClCompile Include="src\math\Matrix44.cpp">
      <Filter>src\math</Filter>
    </ClCompile>
    <ClCompile Include="src\nodes\Node.cpp">
      <Filter>src\nodes</Filter>
    </ClCompile>
    <ClCompile Include="src\math\Quaternion.cpp">
      <Filter>src\math</Filter>
    </ClCompile>
    <ClCompile Include="src\math\Math.cpp">
      <Filter>src\math</Filter>
    </ClCompile>
    <ClCompile Include="src\math\Matrix34.cpp">
      <Filter>src\math</Filter>
    </ClCompile>
    <ClCompile Include="src\base\DynamicLib.cpp">
      <Filter>src\base</Filter>
    </ClCompile>
    <ClCompile Include="src\nodes\components\AbstractComponent.cpp">
      <Filter>src\nodes\components</Filter>
    </ClCompile>
    <ClCompile Include="src\nodes\components\Camera.cpp">
      <Filter>src\nodes\components</Filter>
    </ClCompile>
    <ClCompile Include="src\base\Application.cpp">
      <Filter>src\base</Filter>
    </ClCompile>
    <ClCompile Include="src\renderers\commands\IRenderCommand.cpp">
      <Filter>src\renderers\commands</Filter>
    </ClCompile>
    <ClCompile Include="src\base\Monitor.cpp">
      <Filter>src\base</Filter>
    </ClCompile>
    <ClCompile Include="src\modules\IInputModule.cpp">
      <Filter>src\modules</Filter>
    </ClCompile>
    <ClCompile Include="src\modules\IGraphicsModule.cpp">
      <Filter>src\modules</Filter>
    </ClCompile>
    <ClCompile Include="src\base\String.cpp">
      <Filter>src\base</Filter>
    </ClCompile>
    <ClCompile Include="src\base\ByteArray.cpp">
      <Filter>src\base</Filter>
    </ClCompile>
    <ClCompile Include="src\utils\hash\CRC.cpp">
      <Filter>src\utils\hash</Filter>
    </ClCompile>
    <ClCompile Include="src\base\Image.cpp">
      <Filter>src\base</Filter>
    </ClCompile>
    <ClCompile Include="src\utils\hash\MD5.cpp">
      <Filter>src\utils\hash</Filter>
    </ClCompile>
  </ItemGroup>
  <ItemGroup>
    <None Include="src\math\Matrix44.inl">
      <Filter>src\math</Filter>
    </None>
    <None Include="src\math\Quaternion.inl">
      <Filter>src\math</Filter>
    </None>
    <None Include="src\math\Math.inl">
      <Filter>src\math</Filter>
    </None>
    <None Include="src\nodes\Node.inl">
      <Filter>src\nodes</Filter>
    </None>
    <None Include="src\math\Matrix34.inl">
      <Filter>src\math</Filter>
    </None>
    <None Include="src\nodes\components\AbstractComponent.inl">
      <Filter>src\nodes\components</Filter>
    </None>
    <None Include="src\nodes\components\Camera.inl">
      <Filter>src\nodes\components</Filter>
    </None>
    <None Include="src\base\ByteArray.inl">
      <Filter>src\base</Filter>
    </None>
  </ItemGroup>
</Project>