<?xml version="1.0" encoding="utf-8"?>
<Project ToolsVersion="4.0" xmlns="http://schemas.microsoft.com/developer/msbuild/2003">
  <ItemGroup>
    <Filter Include="src">
      <UniqueIdentifier>{e9f2b3dd-679e-4d29-8ec6-b36b2b5548db}</UniqueIdentifier>
    </Filter>
    <Filter Include="src\math">
      <UniqueIdentifier>{19950809-ef33-4d9d-a663-6288de09571b}</UniqueIdentifier>
    </Filter>
    <Filter Include="src\nodes">
      <UniqueIdentifier>{b01f5786-b72d-43c7-b8a7-bccbdc39e59b}</UniqueIdentifier>
    </Filter>
    <Filter Include="src\base">
      <UniqueIdentifier>{323507d3-64e3-4b6c-907d-a1802741e8eb}</UniqueIdentifier>
    </Filter>
    <Filter Include="src\modules">
      <UniqueIdentifier>{7efda912-a70b-4482-bbd5-a20e2ec2a334}</UniqueIdentifier>
    </Filter>
    <Filter Include="src\utils">
      <UniqueIdentifier>{1898d450-b8a5-403c-8f30-7addd738748f}</UniqueIdentifier>
    </Filter>
    <Filter Include="src\renderers">
      <UniqueIdentifier>{37dbff01-797a-457f-9b12-ae695c3f6546}</UniqueIdentifier>
    </Filter>
    <Filter Include="src\nodes\components">
      <UniqueIdentifier>{9b970749-de96-40a2-a7c6-aa20a29e8718}</UniqueIdentifier>
    </Filter>
    <Filter Include="src\modules\graphics">
      <UniqueIdentifier>{fb124f4f-7652-406b-a093-b385460cd6ee}</UniqueIdentifier>
    </Filter>
    <Filter Include="src\events">
      <UniqueIdentifier>{6f758046-e6fd-4567-8012-e5ab6ef0d8eb}</UniqueIdentifier>
    </Filter>
  </ItemGroup>
  <ItemGroup>
    <ClInclude Include="src\math\Matrix44.h">
      <Filter>src\math</Filter>
    </ClInclude>
    <ClInclude Include="src\nodes\Node.h">
      <Filter>src\nodes</Filter>
    </ClInclude>
    <ClInclude Include="src\math\Quaternion.h">
      <Filter>src\math</Filter>
    </ClInclude>
    <ClInclude Include="src\math\Vector3.h">
      <Filter>src\math</Filter>
    </ClInclude>
    <ClInclude Include="src\math\Math.h">
      <Filter>src\math</Filter>
    </ClInclude>
    <ClInclude Include="src\math\Vector4.h">
      <Filter>src\math</Filter>
    </ClInclude>
    <ClInclude Include="src\math\Matrix34.h">
      <Filter>src\math</Filter>
    </ClInclude>
    <ClInclude Include="src\base\Aurora.h">
      <Filter>src\base</Filter>
    </ClInclude>
    <ClInclude Include="src\base\Ref.h">
      <Filter>src\base</Filter>
    </ClInclude>
    <ClInclude Include="src\base\DynamicLib.h">
      <Filter>src\base</Filter>
    </ClInclude>
    <ClInclude Include="src\modules\Module.h">
      <Filter>src\modules</Filter>
    </ClInclude>
    <ClInclude Include="src\utils\String.h">
      <Filter>src\utils</Filter>
    </ClInclude>
    <ClInclude Include="src\math\Rect.h">
      <Filter>src\math</Filter>
    </ClInclude>
    <ClInclude Include="src\nodes\components\AbstractComponent.h">
      <Filter>src\nodes\components</Filter>
    </ClInclude>
    <ClInclude Include="src\nodes\components\Camera.h">
      <Filter>src\nodes\components</Filter>
    </ClInclude>
    <ClInclude Include="src\modules\graphics\GraphicsModule.h">
      <Filter>src\modules\graphics</Filter>
    </ClInclude>
    <ClInclude Include="src\events\EventDispatcher.h">
      <Filter>src\events</Filter>
    </ClInclude>
    <ClInclude Include="src\base\AtomicLock.h">
      <Filter>src\base</Filter>
    </ClInclude>
  </ItemGroup>
  <ItemGroup>
    <ClCompile Include="src\math\Matrix44.cpp">
      <Filter>src\math</Filter>
    </ClCompile>
    <ClCompile Include="src\nodes\Node.cpp">
      <Filter>src\nodes</Filter>
    </ClCompile>
    <ClCompile Include="src\math\Quaternion.cpp">
      <Filter>src\math</Filter>
    </ClCompile>
    <ClCompile Include="src\math\Vector3.cpp">
      <Filter>src\math</Filter>
    </ClCompile>
    <ClCompile Include="src\math\Math.cpp">
      <Filter>src\math</Filter>
    </ClCompile>
    <ClCompile Include="src\math\Vector4.cpp">
      <Filter>src\math</Filter>
    </ClCompile>
    <ClCompile Include="src\math\Matrix34.cpp">
      <Filter>src\math</Filter>
    </ClCompile>
    <ClCompile Include="src\base\DynamicLib.cpp">
      <Filter>src\base</Filter>
    </ClCompile>
    <ClCompile Include="src\base\Ref.cpp">
      <Filter>src\base</Filter>
    </ClCompile>
    <ClCompile Include="src\utils\String.cpp">
      <Filter>src\utils</Filter>
    </ClCompile>
    <ClCompile Include="src\nodes\components\AbstractComponent.cpp">
      <Filter>src\nodes\components</Filter>
    </ClCompile>
    <ClCompile Include="src\nodes\components\Camera.cpp">
      <Filter>src\nodes\components</Filter>
    </ClCompile>
  </ItemGroup>
  <ItemGroup>
    <None Include="src\math\Matrix44.inl">
      <Filter>src\math</Filter>
    </None>
    <None Include="src\math\Vector3.inl">
      <Filter>src\math</Filter>
    </None>
    <None Include="src\math\Quaternion.inl">
      <Filter>src\math</Filter>
    </None>
    <None Include="src\math\Math.inl">
      <Filter>src\math</Filter>
    </None>
    <None Include="src\math\Vector4.inl">
      <Filter>src\math</Filter>
    </None>
    <None Include="src\nodes\Node.inl">
      <Filter>src\nodes</Filter>
    </None>
    <None Include="src\math\Matrix34.inl">
      <Filter>src\math</Filter>
    </None>
    <None Include="src\utils\String.inl">
      <Filter>src\utils</Filter>
    </None>
    <None Include="src\nodes\components\AbstractComponent.inl">
      <Filter>src\nodes\components</Filter>
    </None>
    <None Include="src\nodes\components\Camera.inl">
      <Filter>src\nodes\components</Filter>
    </None>
  </ItemGroup>
</Project>